
Microsoft Visual Studio Solution File, Format Version 12.00
# Visual Studio 15
VisualStudioVersion = 15.0.26124.0
MinimumVisualStudioVersion = 15.0.26124.0
Project("{2150E333-8FDC-42A3-9474-1A3956D46DE8}") = "src", "src", "{5EC189F8-0DFA-4040-A366-DA938086BB50}"
EndProject
Project("{FAE04EC0-301F-11D3-BF4B-00C04F79EFBC}") = "Hub.API", "src\Hub.API\Hub.API.csproj", "{747320F0-EAFA-4D40-8C73-447F8BC1ED54}"
EndProject
Project("{FAE04EC0-301F-11D3-BF4B-00C04F79EFBC}") = "Hub.Domain", "src\Hub.Domain\Hub.Domain.csproj", "{4A339624-C7F2-4E05-90A9-A692970F3C06}"
EndProject
Project("{FAE04EC0-301F-11D3-BF4B-00C04F79EFBC}") = "Hub.Infra", "src\Hub.Infra\Hub.Infra.csproj", "{0CD8B50F-19F0-466D-A54E-176A58950ABC}"
EndProject
Global
	GlobalSection(SolutionConfigurationPlatforms) = preSolution
		Debug|Any CPU = Debug|Any CPU
		Debug|x64 = Debug|x64
		Debug|x86 = Debug|x86
		Release|Any CPU = Release|Any CPU
		Release|x64 = Release|x64
		Release|x86 = Release|x86
	EndGlobalSection
	GlobalSection(SolutionProperties) = preSolution
		HideSolutionNode = FALSE
	EndGlobalSection
	GlobalSection(ProjectConfigurationPlatforms) = postSolution
		{747320F0-EAFA-4D40-8C73-447F8BC1ED54}.Debug|Any CPU.ActiveCfg = Debug|Any CPU
		{747320F0-EAFA-4D40-8C73-447F8BC1ED54}.Debug|Any CPU.Build.0 = Debug|Any CPU
		{747320F0-EAFA-4D40-8C73-447F8BC1ED54}.Debug|x64.ActiveCfg = Debug|Any CPU
		{747320F0-EAFA-4D40-8C73-447F8BC1ED54}.Debug|x64.Build.0 = Debug|Any CPU
		{747320F0-EAFA-4D40-8C73-447F8BC1ED54}.Debug|x86.ActiveCfg = Debug|Any CPU
		{747320F0-EAFA-4D40-8C73-447F8BC1ED54}.Debug|x86.Build.0 = Debug|Any CPU
		{747320F0-EAFA-4D40-8C73-447F8BC1ED54}.Release|Any CPU.ActiveCfg = Release|Any CPU
		{747320F0-EAFA-4D40-8C73-447F8BC1ED54}.Release|Any CPU.Build.0 = Release|Any CPU
		{747320F0-EAFA-4D40-8C73-447F8BC1ED54}.Release|x64.ActiveCfg = Release|Any CPU
		{747320F0-EAFA-4D40-8C73-447F8BC1ED54}.Release|x64.Build.0 = Release|Any CPU
		{747320F0-EAFA-4D40-8C73-447F8BC1ED54}.Release|x86.ActiveCfg = Release|Any CPU
		{747320F0-EAFA-4D40-8C73-447F8BC1ED54}.Release|x86.Build.0 = Release|Any CPU
		{4A339624-C7F2-4E05-90A9-A692970F3C06}.Debug|Any CPU.ActiveCfg = Debug|Any CPU
		{4A339624-C7F2-4E05-90A9-A692970F3C06}.Debug|Any CPU.Build.0 = Debug|Any CPU
		{4A339624-C7F2-4E05-90A9-A692970F3C06}.Debug|x64.ActiveCfg = Debug|Any CPU
		{4A339624-C7F2-4E05-90A9-A692970F3C06}.Debug|x64.Build.0 = Debug|Any CPU
		{4A339624-C7F2-4E05-90A9-A692970F3C06}.Debug|x86.ActiveCfg = Debug|Any CPU
		{4A339624-C7F2-4E05-90A9-A692970F3C06}.Debug|x86.Build.0 = Debug|Any CPU
		{4A339624-C7F2-4E05-90A9-A692970F3C06}.Release|Any CPU.ActiveCfg = Release|Any CPU
		{4A339624-C7F2-4E05-90A9-A692970F3C06}.Release|Any CPU.Build.0 = Release|Any CPU
		{4A339624-C7F2-4E05-90A9-A692970F3C06}.Release|x64.ActiveCfg = Release|Any CPU
		{4A339624-C7F2-4E05-90A9-A692970F3C06}.Release|x64.Build.0 = Release|Any CPU
		{4A339624-C7F2-4E05-90A9-A692970F3C06}.Release|x86.ActiveCfg = Release|Any CPU
		{4A339624-C7F2-4E05-90A9-A692970F3C06}.Release|x86.Build.0 = Release|Any CPU
		{0CD8B50F-19F0-466D-A54E-176A58950ABC}.Debug|Any CPU.ActiveCfg = Debug|Any CPU
		{0CD8B50F-19F0-466D-A54E-176A58950ABC}.Debug|Any CPU.Build.0 = Debug|Any CPU
		{0CD8B50F-19F0-466D-A54E-176A58950ABC}.Debug|x64.ActiveCfg = Debug|Any CPU
		{0CD8B50F-19F0-466D-A54E-176A58950ABC}.Debug|x64.Build.0 = Debug|Any CPU
		{0CD8B50F-19F0-466D-A54E-176A58950ABC}.Debug|x86.ActiveCfg = Debug|Any CPU
		{0CD8B50F-19F0-466D-A54E-176A58950ABC}.Debug|x86.Build.0 = Debug|Any CPU
		{0CD8B50F-19F0-466D-A54E-176A58950ABC}.Release|Any CPU.ActiveCfg = Release|Any CPU
		{0CD8B50F-19F0-466D-A54E-176A58950ABC}.Release|Any CPU.Build.0 = Release|Any CPU
		{0CD8B50F-19F0-466D-A54E-176A58950ABC}.Release|x64.ActiveCfg = Release|Any CPU
		{0CD8B50F-19F0-466D-A54E-176A58950ABC}.Release|x64.Build.0 = Release|Any CPU
		{0CD8B50F-19F0-466D-A54E-176A58950ABC}.Release|x86.ActiveCfg = Release|Any CPU
		{0CD8B50F-19F0-466D-A54E-176A58950ABC}.Release|x86.Build.0 = Release|Any CPU
	EndGlobalSection
	GlobalSection(NestedProjects) = preSolution
		{747320F0-EAFA-4D40-8C73-447F8BC1ED54} = {5EC189F8-0DFA-4040-A366-DA938086BB50}
		{4A339624-C7F2-4E05-90A9-A692970F3C06} = {5EC189F8-0DFA-4040-A366-DA938086BB50}
		{0CD8B50F-19F0-466D-A54E-176A58950ABC} = {5EC189F8-0DFA-4040-A366-DA938086BB50}
	EndGlobalSection
EndGlobal
